lockfileVersion: '6.1'

settings:
  autoInstallPeers: true
  excludeLinksFromLockfile: false

dependencies:
  '@types/axios':
    specifier: ^0.14.0
    version: registry.npmmirror.com/@types/axios@0.14.0
  '@types/lodash':
    specifier: ^4.14.182
    version: registry.npmmirror.com/@types/lodash@4.14.182
  '@types/msgpack-lite':
    specifier: ^0.1.8
    version: registry.npmmirror.com/@types/msgpack-lite@0.1.8
  '@types/node':
    specifier: ^18.0.3
    version: registry.npmmirror.com/@types/node@18.0.3
  highlight.js:
    specifier: ^11.7.0
    version: registry.npmmirror.com/highlight.js@11.7.0
  json5:
    specifier: ^2.2.1
    version: registry.npmmirror.com/json5@2.2.1
  lodash:
    specifier: ^4.17.21
    version: registry.npmmirror.com/lodash@4.17.21
  md5-typescript:
    specifier: ^1.0.5
    version: registry.npmmirror.com/md5-typescript@1.0.5

packages:

  registry.npmmirror.com/@types/axios@0.14.0:
    resolution: {integrity: sha512-KqQnQbdYE54D7oa/UmYVMZKq7CO4l8DEENzOKc4aBRwxCXSlJXGz83flFx5L7AWrOQnmuN3kVsRdt+GZPPjiVQ==, registry: https://registry.npm.taobao.org/, tarball: https://registry.npmmirror.com/@types/axios/-/axios-0.14.0.tgz}
    name: '@types/axios'
    version: 0.14.0
    deprecated: This is a stub types definition for axios (https://github.com/mzabriskie/axios). axios provides its own type definitions, so you don't need @types/axios installed!
    dependencies:
      axios: registry.npmmirror.com/axios@1.4.0
    transitivePeerDependencies:
      - debug
    dev: false

  registry.npmmirror.com/@types/lodash@4.14.182:
    resolution: {integrity: sha512-/THyiqyQAP9AfARo4pF+aCGcyiQ94tX/Is2I7HofNRqoYLgN1PBoOWu2/zTA5zMxzP5EFutMtWtGAFRKUe961Q==, registry: https://registry.npm.taobao.org/, tarball: https://registry.npmmirror.com/@types/lodash/-/lodash-4.14.182.tgz}
    name: '@types/lodash'
    version: 4.14.182
    dev: false

  registry.npmmirror.com/@types/msgpack-lite@0.1.8:
    resolution: {integrity: sha512-3qIhe8MH1kGcXnB5YuY6W0lLb9LEcWrhanDYfw0zKdXAv+CNKG0+6To1X8dqVyrxKb3FeAgJBJS5RdFwBQteVg==, registry: https://registry.npm.taobao.org/, tarball: https://registry.npmmirror.com/@types/msgpack-lite/-/msgpack-lite-0.1.8.tgz}
    name: '@types/msgpack-lite'
    version: 0.1.8
    dependencies:
      '@types/node': registry.npmmirror.com/@types/node@18.0.3
    dev: false

  registry.npmmirror.com/@types/node@18.0.3:
    resolution: {integrity: sha512-HzNRZtp4eepNitP+BD6k2L6DROIDG4Q0fm4x+dwfsr6LGmROENnok75VGw40628xf+iR24WeMFcHuuBDUAzzsQ==, registry: https://registry.npm.taobao.org/, tarball: https://registry.npmmirror.com/@types/node/-/node-18.0.3.tgz}
    name: '@types/node'
    version: 18.0.3
    dev: false

  registry.npmmirror.com/asynckit@0.4.0:
    resolution: {integrity: sha512-Oei9OH4tRh0YqU3GxhX79dM/mwVgvbZJaSNaRk+bshkj0S5cfHcgYakreBjrHwatXKbz+IoIdYLxrKim2MjW0Q==, registry: https://registry.npm.taobao.org/, tarball: https://registry.npmmirror.com/asynckit/-/asynckit-0.4.0.tgz}
    name: asynckit
    version: 0.4.0
    dev: false

  registry.npmmirror.com/axios@1.4.0:
    resolution: {integrity: sha512-S4XCWMEmzvo64T9GfvQDOXgYRDJ/wsSZc7Jvdgx5u1sd0JwsuPLqb3SYmusag+edF6ziyMensPVqLTSc1PiSEA==, registry: https://registry.npm.taobao.org/, tarball: https://registry.npmmirror.com/axios/-/axios-1.4.0.tgz}
    name: axios
    version: 1.4.0
    dependencies:
      follow-redirects: registry.npmmirror.com/follow-redirects@1.15.2
      form-data: registry.npmmirror.com/form-data@4.0.0
      proxy-from-env: registry.npmmirror.com/proxy-from-env@1.1.0
    transitivePeerDependencies:
      - debug
    dev: false

  registry.npmmirror.com/combined-stream@1.0.8:
    resolution: {integrity: sha512-FQN4MRfuJeHf7cBbBMJFXhKSDq+2kAArBlmRBvcvFE5BB1HZKXtSFASDhdlz9zOYwxh8lDdnvmMOe/+5cdoEdg==, registry: https://registry.npm.taobao.org/, tarball: https://registry.npmmirror.com/combined-stream/-/combined-stream-1.0.8.tgz}
    name: combined-stream
    version: 1.0.8
    engines: {node: '>= 0.8'}
    dependencies:
      delayed-stream: registry.npmmirror.com/delayed-stream@1.0.0
    dev: false

  registry.npmmirror.com/delayed-stream@1.0.0:
    resolution: {integrity: sha512-ZySD7Nf91aLB0RxL4KGrKHBXl7Eds1DAmEdcoVawXnLD7SDhpNgtuII2aAkg7a7QS41jxPSZ17p4VdGnMHk3MQ==, registry: https://registry.npm.taobao.org/, tarball: https://registry.npmmirror.com/delayed-stream/-/delayed-stream-1.0.0.tgz}
    name: delayed-stream
    version: 1.0.0
    engines: {node: '>=0.4.0'}
    dev: false

  registry.npmmirror.com/follow-redirects@1.15.2:
    resolution: {integrity: sha512-VQLG33o04KaQ8uYi2tVNbdrWp1QWxNNea+nmIB4EVM28v0hmP17z7aG1+wAkNzVq4KeXTq3221ye5qTJP91JwA==, registry: https://registry.npm.taobao.org/, tarball: https://registry.npmmirror.com/follow-redirects/-/follow-redirects-1.15.2.tgz}
    name: follow-redirects
    version: 1.15.2
    engines: {node: '>=4.0'}
    peerDependencies:
      debug: '*'
    peerDependenciesMeta:
      debug:
        optional: true
    dev: false

  registry.npmmirror.com/form-data@4.0.0:
    resolution: {integrity: sha512-ETEklSGi5t0QMZuiXoA/Q6vcnxcLQP5vdugSpuAyi6SVGi2clPPp+xgEhuMaHC+zGgn31Kd235W35f7Hykkaww==, registry: https://registry.npm.taobao.org/, tarball: https://registry.npmmirror.com/form-data/-/form-data-4.0.0.tgz}
    name: form-data
    version: 4.0.0
    engines: {node: '>= 6'}
    dependencies:
      asynckit: registry.npmmirror.com/asynckit@0.4.0
      combined-stream: registry.npmmirror.com/combined-stream@1.0.8
      mime-types: registry.npmmirror.com/mime-types@2.1.35
    dev: false

  registry.npmmirror.com/highlight.js@11.7.0:
    resolution: {integrity: sha512-1rRqesRFhMO/PRF+G86evnyJkCgaZFOI+Z6kdj15TA18funfoqJXvgPCLSf0SWq3SRfg1j3HlDs8o4s3EGq1oQ==, registry: https://registry.npm.taobao.org/, tarball: https://registry.npmmirror.com/highlight.js/-/highlight.js-11.7.0.tgz}
    name: highlight.js
    version: 11.7.0
    engines: {node: '>=12.0.0'}
    dev: false

  registry.npmmirror.com/json5@2.2.1:
    resolution: {integrity: sha512-1hqLFMSrGHRHxav9q9gNjJ5EXznIxGVO09xQRrwplcS8qs28pZ8s8hupZAmqDwZUmVZ2Qb2jnyPOWcDH8m8dlA==, registry: https://registry.npm.taobao.org/, tarball: https://registry.npmmirror.com/json5/-/json5-2.2.1.tgz}
    name: json5
    version: 2.2.1
    engines: {node: '>=6'}
    hasBin: true
    dev: false

  registry.npmmirror.com/lodash@4.17.21:
    resolution: {integrity: sha512-v2kDEe57lecTulaDIuNTPy3Ry4gLGJ6Z1O3vE1krgXZNrsQ+LFTGHVxVjcXPs17LhbZVGedAJv8XZ1tvj5FvSg==, registry: https://registry.npm.taobao.org/, tarball: https://registry.npmmirror.com/lodash/-/lodash-4.17.21.tgz}
    name: lodash
    version: 4.17.21
    dev: false

  registry.npmmirror.com/md5-typescript@1.0.5:
    resolution: {integrity: sha512-ovAc4EtiNt2dY8JPhPr/wkC9h4U5k/nuClNVcG0Ga3V1rMlYpAY24ZaaymFXJlz+ccJ6UMPo3FSaVKe7czBsXw==, registry: https://registry.npm.taobao.org/, tarball: https://registry.npmmirror.com/md5-typescript/-/md5-typescript-1.0.5.tgz}
    name: md5-typescript
    version: 1.0.5
    dev: false

  registry.npmmirror.com/mime-db@1.52.0:
    resolution: {integrity: sha512-sPU4uV7dYlvtWJxwwxHD0PuihVNiE7TyAbQ5SWxDCB9mUYvOgroQOwYQQOKPJ8CIbE+1ETVlOoK1UC2nU3gYvg==, registry: https://registry.npm.taobao.org/, tarball: https://registry.npmmirror.com/mime-db/-/mime-db-1.52.0.tgz}
    name: mime-db
    version: 1.52.0
    engines: {node: '>= 0.6'}
    dev: false

  registry.npmmirror.com/mime-types@2.1.35:
    resolution: {integrity: sha512-ZDY+bPm5zTTF+YpCrAU9nK0UgICYPT0QtT1NZWFv4s++TNkcgVaT0g6+4R2uI4MjQjzysHB1zxuWL50hzaeXiw==, registry: https://registry.npm.taobao.org/, tarball: https://registry.npmmirror.com/mime-types/-/mime-types-2.1.35.tgz}
    name: mime-types
    version: 2.1.35
    engines: {node: '>= 0.6'}
    dependencies:
      mime-db: registry.npmmirror.com/mime-db@1.52.0
    dev: false

  registry.npmmirror.com/proxy-from-env@1.1.0:
    resolution: {integrity: sha512-D+zkORCbA9f1tdWRK0RaCR3GPv50cMxcrz4X8k5LTSUD1Dkw47mKJEZQNunItRTkWwgtaUSo1RVFRIG9ZXiFYg==, registry: https://registry.npm.taobao.org/, tarball: https://registry.npmmirror.com/proxy-from-env/-/proxy-from-env-1.1.0.tgz}
    name: proxy-from-env
    version: 1.1.0
    dev: false
